
Microsoft Visual Studio Solution File, Format Version 12.00
# Visual Studio 15
VisualStudioVersion = 15.0.26124.0
MinimumVisualStudioVersion = 15.0.26124.0
Project("{2150E333-8FDC-42A3-9474-1A3956D46DE8}") = "src", "src", "{D2E6DB54-91F1-4663-99E1-81A4CEE82975}"
EndProject
Project("{FAE04EC0-301F-11D3-BF4B-00C04F79EFBC}") = "CoreCommandAPI", "src\CoreCommandAPI\CoreCommandAPI.csproj", "{56E2B897-A454-4405-9C72-8748F8D8AA37}"
EndProject
Project("{2150E333-8FDC-42A3-9474-1A3956D46DE8}") = "test", "test", "{3126C738-23E9-40BF-AE8C-A67540A7302E}"
EndProject
Project("{FAE04EC0-301F-11D3-BF4B-00C04F79EFBC}") = "CoreCommandAPI.Tests", "test\CoreCommandAPI.Tests\CoreCommandAPI.Tests.csproj", "{FEE2EDB9-6B00-4D31-AE6C-01C8F1DA3F12}"
EndProject
Project("{FAE04EC0-301F-11D3-BF4B-00C04F79EFBC}") = "corecommandentities", "src\corecommandentities\corecommandentities.csproj", "{C4D7FEB7-6576-456B-AD71-1B65CFBFA7B1}"
EndProject
Project("{FAE04EC0-301F-11D3-BF4B-00C04F79EFBC}") = "CoreCommandContracts", "src\CoreCommandContracts\CoreCommandContracts.csproj", "{E3018820-A473-4F2D-BCD4-7B930E9D9DF1}"
EndProject
Project("{FAE04EC0-301F-11D3-BF4B-00C04F79EFBC}") = "CoreCommandRepositories", "src\CoreCommandRepositories\CoreCommandRepositories.csproj", "{39101D78-BD13-4184-8F4C-92BB7226CD86}"
EndProject
Project("{FAE04EC0-301F-11D3-BF4B-00C04F79EFBC}") = "CoreCommandLogger", "src\CoreCommandLogger\CoreCommandLogger.csproj", "{4F283706-E6A3-4C1D-825D-5E2B0E8E2CB9}"
EndProject
Global
	GlobalSection(SolutionConfigurationPlatforms) = preSolution
		Debug|Any CPU = Debug|Any CPU
		Debug|x64 = Debug|x64
		Debug|x86 = Debug|x86
		Release|Any CPU = Release|Any CPU
		Release|x64 = Release|x64
		Release|x86 = Release|x86
	EndGlobalSection
	GlobalSection(SolutionProperties) = preSolution
		HideSolutionNode = FALSE
	EndGlobalSection
	GlobalSection(ProjectConfigurationPlatforms) = postSolution
		{56E2B897-A454-4405-9C72-8748F8D8AA37}.Debug|Any CPU.ActiveCfg = Debug|Any CPU
		{56E2B897-A454-4405-9C72-8748F8D8AA37}.Debug|Any CPU.Build.0 = Debug|Any CPU
		{56E2B897-A454-4405-9C72-8748F8D8AA37}.Debug|x64.ActiveCfg = Debug|Any CPU
		{56E2B897-A454-4405-9C72-8748F8D8AA37}.Debug|x64.Build.0 = Debug|Any CPU
		{56E2B897-A454-4405-9C72-8748F8D8AA37}.Debug|x86.ActiveCfg = Debug|Any CPU
		{56E2B897-A454-4405-9C72-8748F8D8AA37}.Debug|x86.Build.0 = Debug|Any CPU
		{56E2B897-A454-4405-9C72-8748F8D8AA37}.Release|Any CPU.ActiveCfg = Release|Any CPU
		{56E2B897-A454-4405-9C72-8748F8D8AA37}.Release|Any CPU.Build.0 = Release|Any CPU
		{56E2B897-A454-4405-9C72-8748F8D8AA37}.Release|x64.ActiveCfg = Release|Any CPU
		{56E2B897-A454-4405-9C72-8748F8D8AA37}.Release|x64.Build.0 = Release|Any CPU
		{56E2B897-A454-4405-9C72-8748F8D8AA37}.Release|x86.ActiveCfg = Release|Any CPU
		{56E2B897-A454-4405-9C72-8748F8D8AA37}.Release|x86.Build.0 = Release|Any CPU
		{FEE2EDB9-6B00-4D31-AE6C-01C8F1DA3F12}.Debug|Any CPU.ActiveCfg = Debug|Any CPU
		{FEE2EDB9-6B00-4D31-AE6C-01C8F1DA3F12}.Debug|Any CPU.Build.0 = Debug|Any CPU
		{FEE2EDB9-6B00-4D31-AE6C-01C8F1DA3F12}.Debug|x64.ActiveCfg = Debug|Any CPU
		{FEE2EDB9-6B00-4D31-AE6C-01C8F1DA3F12}.Debug|x64.Build.0 = Debug|Any CPU
		{FEE2EDB9-6B00-4D31-AE6C-01C8F1DA3F12}.Debug|x86.ActiveCfg = Debug|Any CPU
		{FEE2EDB9-6B00-4D31-AE6C-01C8F1DA3F12}.Debug|x86.Build.0 = Debug|Any CPU
		{FEE2EDB9-6B00-4D31-AE6C-01C8F1DA3F12}.Release|Any CPU.ActiveCfg = Release|Any CPU
		{FEE2EDB9-6B00-4D31-AE6C-01C8F1DA3F12}.Release|Any CPU.Build.0 = Release|Any CPU
		{FEE2EDB9-6B00-4D31-AE6C-01C8F1DA3F12}.Release|x64.ActiveCfg = Release|Any CPU
		{FEE2EDB9-6B00-4D31-AE6C-01C8F1DA3F12}.Release|x64.Build.0 = Release|Any CPU
		{FEE2EDB9-6B00-4D31-AE6C-01C8F1DA3F12}.Release|x86.ActiveCfg = Release|Any CPU
		{FEE2EDB9-6B00-4D31-AE6C-01C8F1DA3F12}.Release|x86.Build.0 = Release|Any CPU
		{C4D7FEB7-6576-456B-AD71-1B65CFBFA7B1}.Debug|Any CPU.ActiveCfg = Debug|Any CPU
		{C4D7FEB7-6576-456B-AD71-1B65CFBFA7B1}.Debug|Any CPU.Build.0 = Debug|Any CPU
		{C4D7FEB7-6576-456B-AD71-1B65CFBFA7B1}.Debug|x64.ActiveCfg = Debug|Any CPU
		{C4D7FEB7-6576-456B-AD71-1B65CFBFA7B1}.Debug|x64.Build.0 = Debug|Any CPU
		{C4D7FEB7-6576-456B-AD71-1B65CFBFA7B1}.Debug|x86.ActiveCfg = Debug|Any CPU
		{C4D7FEB7-6576-456B-AD71-1B65CFBFA7B1}.Debug|x86.Build.0 = Debug|Any CPU
		{C4D7FEB7-6576-456B-AD71-1B65CFBFA7B1}.Release|Any CPU.ActiveCfg = Release|Any CPU
		{C4D7FEB7-6576-456B-AD71-1B65CFBFA7B1}.Release|Any CPU.Build.0 = Release|Any CPU
		{C4D7FEB7-6576-456B-AD71-1B65CFBFA7B1}.Release|x64.ActiveCfg = Release|Any CPU
		{C4D7FEB7-6576-456B-AD71-1B65CFBFA7B1}.Release|x64.Build.0 = Release|Any CPU
		{C4D7FEB7-6576-456B-AD71-1B65CFBFA7B1}.Release|x86.ActiveCfg = Release|Any CPU
		{C4D7FEB7-6576-456B-AD71-1B65CFBFA7B1}.Release|x86.Build.0 = Release|Any CPU
		{E3018820-A473-4F2D-BCD4-7B930E9D9DF1}.Debug|Any CPU.ActiveCfg = Debug|Any CPU
		{E3018820-A473-4F2D-BCD4-7B930E9D9DF1}.Debug|Any CPU.Build.0 = Debug|Any CPU
		{E3018820-A473-4F2D-BCD4-7B930E9D9DF1}.Debug|x64.ActiveCfg = Debug|Any CPU
		{E3018820-A473-4F2D-BCD4-7B930E9D9DF1}.Debug|x64.Build.0 = Debug|Any CPU
		{E3018820-A473-4F2D-BCD4-7B930E9D9DF1}.Debug|x86.ActiveCfg = Debug|Any CPU
		{E3018820-A473-4F2D-BCD4-7B930E9D9DF1}.Debug|x86.Build.0 = Debug|Any CPU
		{E3018820-A473-4F2D-BCD4-7B930E9D9DF1}.Release|Any CPU.ActiveCfg = Release|Any CPU
		{E3018820-A473-4F2D-BCD4-7B930E9D9DF1}.Release|Any CPU.Build.0 = Release|Any CPU
		{E3018820-A473-4F2D-BCD4-7B930E9D9DF1}.Release|x64.ActiveCfg = Release|Any CPU
		{E3018820-A473-4F2D-BCD4-7B930E9D9DF1}.Release|x64.Build.0 = Release|Any CPU
		{E3018820-A473-4F2D-BCD4-7B930E9D9DF1}.Release|x86.ActiveCfg = Release|Any CPU
		{E3018820-A473-4F2D-BCD4-7B930E9D9DF1}.Release|x86.Build.0 = Release|Any CPU
		{39101D78-BD13-4184-8F4C-92BB7226CD86}.Debug|Any CPU.ActiveCfg = Debug|Any CPU
		{39101D78-BD13-4184-8F4C-92BB7226CD86}.Debug|Any CPU.Build.0 = Debug|Any CPU
		{39101D78-BD13-4184-8F4C-92BB7226CD86}.Debug|x64.ActiveCfg = Debug|Any CPU
		{39101D78-BD13-4184-8F4C-92BB7226CD86}.Debug|x64.Build.0 = Debug|Any CPU
		{39101D78-BD13-4184-8F4C-92BB7226CD86}.Debug|x86.ActiveCfg = Debug|Any CPU
		{39101D78-BD13-4184-8F4C-92BB7226CD86}.Debug|x86.Build.0 = Debug|Any CPU
		{39101D78-BD13-4184-8F4C-92BB7226CD86}.Release|Any CPU.ActiveCfg = Release|Any CPU
		{39101D78-BD13-4184-8F4C-92BB7226CD86}.Release|Any CPU.Build.0 = Release|Any CPU
		{39101D78-BD13-4184-8F4C-92BB7226CD86}.Release|x64.ActiveCfg = Release|Any CPU
		{39101D78-BD13-4184-8F4C-92BB7226CD86}.Release|x64.Build.0 = Release|Any CPU
		{39101D78-BD13-4184-8F4C-92BB7226CD86}.Release|x86.ActiveCfg = Release|Any CPU
		{39101D78-BD13-4184-8F4C-92BB7226CD86}.Release|x86.Build.0 = Release|Any CPU
		{4F283706-E6A3-4C1D-825D-5E2B0E8E2CB9}.Debug|Any CPU.ActiveCfg = Debug|Any CPU
		{4F283706-E6A3-4C1D-825D-5E2B0E8E2CB9}.Debug|Any CPU.Build.0 = Debug|Any CPU
		{4F283706-E6A3-4C1D-825D-5E2B0E8E2CB9}.Debug|x64.ActiveCfg = Debug|Any CPU
		{4F283706-E6A3-4C1D-825D-5E2B0E8E2CB9}.Debug|x64.Build.0 = Debug|Any CPU
		{4F283706-E6A3-4C1D-825D-5E2B0E8E2CB9}.Debug|x86.ActiveCfg = Debug|Any CPU
		{4F283706-E6A3-4C1D-825D-5E2B0E8E2CB9}.Debug|x86.Build.0 = Debug|Any CPU
		{4F283706-E6A3-4C1D-825D-5E2B0E8E2CB9}.Release|Any CPU.ActiveCfg = Release|Any CPU
		{4F283706-E6A3-4C1D-825D-5E2B0E8E2CB9}.Release|Any CPU.Build.0 = Release|Any CPU
		{4F283706-E6A3-4C1D-825D-5E2B0E8E2CB9}.Release|x64.ActiveCfg = Release|Any CPU
		{4F283706-E6A3-4C1D-825D-5E2B0E8E2CB9}.Release|x64.Build.0 = Release|Any CPU
		{4F283706-E6A3-4C1D-825D-5E2B0E8E2CB9}.Release|x86.ActiveCfg = Release|Any CPU
		{4F283706-E6A3-4C1D-825D-5E2B0E8E2CB9}.Release|x86.Build.0 = Release|Any CPU
	EndGlobalSection
	GlobalSection(NestedProjects) = preSolution
		{56E2B897-A454-4405-9C72-8748F8D8AA37} = {D2E6DB54-91F1-4663-99E1-81A4CEE82975}
		{FEE2EDB9-6B00-4D31-AE6C-01C8F1DA3F12} = {3126C738-23E9-40BF-AE8C-A67540A7302E}
		{C4D7FEB7-6576-456B-AD71-1B65CFBFA7B1} = {D2E6DB54-91F1-4663-99E1-81A4CEE82975}
		{E3018820-A473-4F2D-BCD4-7B930E9D9DF1} = {D2E6DB54-91F1-4663-99E1-81A4CEE82975}
		{39101D78-BD13-4184-8F4C-92BB7226CD86} = {D2E6DB54-91F1-4663-99E1-81A4CEE82975}
		{4F283706-E6A3-4C1D-825D-5E2B0E8E2CB9} = {D2E6DB54-91F1-4663-99E1-81A4CEE82975}
	EndGlobalSection
EndGlobal
